
Microsoft Visual Studio Solution File, Format Version 12.00
# Visual Studio Version 17
VisualStudioVersion = 17.0.31903.59
MinimumVisualStudioVersion = 10.0.40219.1
Project("{9A19103F-16F7-4668-BE54-9A1E7A4F7556}") = "aws-lambda-apigateway-dotnet7", "aws-lambda-apigateway-dotnet7\aws-lambda-apigateway-dotnet7.csproj", "{DE893D52-981D-416E-A454-BA42E712358D}"
EndProject
Global
	GlobalSection(SolutionConfigurationPlatforms) = preSolution
		Debug|Any CPU = Debug|Any CPU
		Release|Any CPU = Release|Any CPU
	EndGlobalSection
	GlobalSection(ProjectConfigurationPlatforms) = postSolution
		{DE893D52-981D-416E-A454-BA42E712358D}.Debug|Any CPU.ActiveCfg = Debug|Any CPU
		{DE893D52-981D-416E-A454-BA42E712358D}.Debug|Any CPU.Build.0 = Debug|Any CPU
		{DE893D52-981D-416E-A454-BA42E712358D}.Release|Any CPU.ActiveCfg = Release|Any CPU
		{DE893D52-981D-416E-A454-BA42E712358D}.Release|Any CPU.Build.0 = Release|Any CPU
	EndGlobalSection
	GlobalSection(SolutionProperties) = preSolution
		HideSolutionNode = FALSE
	EndGlobalSection
	GlobalSection(ExtensibilityGlobals) = postSolution
		SolutionGuid = {84068098-BF48-4185-AC05-F3BAF8213BBF}
	EndGlobalSection
EndGlobal
